
Microsoft Visual Studio Solution File, Format Version 12.00
# Visual Studio Version 17
VisualStudioVersion = 17.3.32901.215
MinimumVisualStudioVersion = 10.0.40219.1
Project("{FAE04EC0-301F-11D3-BF4B-00C04F79EFBC}") = "Caculadora", "Caculadora\Caculadora.csproj", "{272D84EE-F033-4D55-B883-A13F427D182D}"
EndProject
Global
	GlobalSection(SolutionConfigurationPlatforms) = preSolution
		Debug|Any CPU = Debug|Any CPU
		Release|Any CPU = Release|Any CPU
	EndGlobalSection
	GlobalSection(ProjectConfigurationPlatforms) = postSolution
		{272D84EE-F033-4D55-B883-A13F427D182D}.Debug|Any CPU.ActiveCfg = Debug|Any CPU
		{272D84EE-F033-4D55-B883-A13F427D182D}.Debug|Any CPU.Build.0 = Debug|Any CPU
		{272D84EE-F033-4D55-B883-A13F427D182D}.Release|Any CPU.ActiveCfg = Release|Any CPU
		{272D84EE-F033-4D55-B883-A13F427D182D}.Release|Any CPU.Build.0 = Release|Any CPU
	EndGlobalSection
	GlobalSection(SolutionProperties) = preSolution
		HideSolutionNode = FALSE
	EndGlobalSection
	GlobalSection(ExtensibilityGlobals) = postSolution
		SolutionGuid = {99069298-9357-4A4E-88CF-EF2E51FE834F}
	EndGlobalSection
EndGlobal
